
Microsoft Visual Studio Solution File, Format Version 12.00
# Visual Studio Version 16
VisualStudioVersion = 16.0.30011.22
MinimumVisualStudioVersion = 10.0.40219.1
Project("{FAE04EC0-301F-11D3-BF4B-00C04F79EFBC}") = "PostCommentBun", "PostCommentBun.csproj", "{E06EA4E9-286A-4C46-A51D-B35A6BFC1EEB}"
EndProject
Project("{FAE04EC0-301F-11D3-BF4B-00C04F79EFBC}") = "ObjectWCFBun", "..\ObjectWCFBun\ObjectWCFBun.csproj", "{6CC2449C-8AA1-4FBB-B3C1-E3ADD7C5CBF2}"
EndProject
Project("{FAE04EC0-301F-11D3-BF4B-00C04F79EFBC}") = "HostWCFBun", "..\HostWCFBun\HostWCFBun.csproj", "{D95BA097-18DC-4DEF-8200-AA4B94757200}"
EndProject
Project("{FAE04EC0-301F-11D3-BF4B-00C04F79EFBC}") = "PostCommentClient", "..\PostCommentClient\PostCommentClient.csproj", "{5636A862-B470-48E0-AC09-221380360BDA}"
EndProject
Project("{FAE04EC0-301F-11D3-BF4B-00C04F79EFBC}") = "RazerPagesPC", "..\RazerPagesPC\RazerPagesPC.csproj", "{04D1922B-7B5C-425F-B3D9-1B6C29DB1009}"
EndProject
Global
	GlobalSection(SolutionConfigurationPlatforms) = preSolution
		Debug|Any CPU = Debug|Any CPU
		Release|Any CPU = Release|Any CPU
	EndGlobalSection
	GlobalSection(ProjectConfigurationPlatforms) = postSolution
		{E06EA4E9-286A-4C46-A51D-B35A6BFC1EEB}.Debug|Any CPU.ActiveCfg = Debug|Any CPU
		{E06EA4E9-286A-4C46-A51D-B35A6BFC1EEB}.Debug|Any CPU.Build.0 = Debug|Any CPU
		{E06EA4E9-286A-4C46-A51D-B35A6BFC1EEB}.Release|Any CPU.ActiveCfg = Release|Any CPU
		{E06EA4E9-286A-4C46-A51D-B35A6BFC1EEB}.Release|Any CPU.Build.0 = Release|Any CPU
		{6CC2449C-8AA1-4FBB-B3C1-E3ADD7C5CBF2}.Debug|Any CPU.ActiveCfg = Debug|Any CPU
		{6CC2449C-8AA1-4FBB-B3C1-E3ADD7C5CBF2}.Debug|Any CPU.Build.0 = Debug|Any CPU
		{6CC2449C-8AA1-4FBB-B3C1-E3ADD7C5CBF2}.Release|Any CPU.ActiveCfg = Release|Any CPU
		{6CC2449C-8AA1-4FBB-B3C1-E3ADD7C5CBF2}.Release|Any CPU.Build.0 = Release|Any CPU
		{D95BA097-18DC-4DEF-8200-AA4B94757200}.Debug|Any CPU.ActiveCfg = Debug|Any CPU
		{D95BA097-18DC-4DEF-8200-AA4B94757200}.Debug|Any CPU.Build.0 = Debug|Any CPU
		{D95BA097-18DC-4DEF-8200-AA4B94757200}.Release|Any CPU.ActiveCfg = Release|Any CPU
		{D95BA097-18DC-4DEF-8200-AA4B94757200}.Release|Any CPU.Build.0 = Release|Any CPU
		{5636A862-B470-48E0-AC09-221380360BDA}.Debug|Any CPU.ActiveCfg = Debug|Any CPU
		{5636A862-B470-48E0-AC09-221380360BDA}.Debug|Any CPU.Build.0 = Debug|Any CPU
		{5636A862-B470-48E0-AC09-221380360BDA}.Release|Any CPU.ActiveCfg = Release|Any CPU
		{5636A862-B470-48E0-AC09-221380360BDA}.Release|Any CPU.Build.0 = Release|Any CPU
		{04D1922B-7B5C-425F-B3D9-1B6C29DB1009}.Debug|Any CPU.ActiveCfg = Debug|Any CPU
		{04D1922B-7B5C-425F-B3D9-1B6C29DB1009}.Debug|Any CPU.Build.0 = Debug|Any CPU
		{04D1922B-7B5C-425F-B3D9-1B6C29DB1009}.Release|Any CPU.ActiveCfg = Release|Any CPU
		{04D1922B-7B5C-425F-B3D9-1B6C29DB1009}.Release|Any CPU.Build.0 = Release|Any CPU
	EndGlobalSection
	GlobalSection(SolutionProperties) = preSolution
		HideSolutionNode = FALSE
	EndGlobalSection
	GlobalSection(ExtensibilityGlobals) = postSolution
		SolutionGuid = {B5763B72-FC1D-47EA-BFA0-F8DA50EE5CE0}
	EndGlobalSection
EndGlobal
